
Microsoft Visual Studio Solution File, Format Version 12.00
Project("{FAE04EC0-301F-11D3-BF4B-00C04F79EFBC}") = "CodeLouisvilleCSharp-2018", "CodeLouisvilleCSharp-2018.csproj", "{11324C59-CE64-41E6-BA79-C5129514CD28}"
EndProject
Global
	GlobalSection(SolutionConfigurationPlatforms) = preSolution
	EndGlobalSection
	GlobalSection(ProjectConfigurationPlatforms) = postSolution
	EndGlobalSection
EndGlobal
